
Microsoft Visual Studio Solution File, Format Version 12.00
# Visual Studio Version 16
VisualStudioVersion = 16.0.30128.74
MinimumVisualStudioVersion = 10.0.40219.1
Project("{FAE04EC0-301F-11D3-BF4B-00C04F79EFBC}") = "SalesWebMvc", "SalesWebMvc\SalesWebMvc.csproj", "{1FDB3DE2-D0F4-467A-9880-CDE74306D693}"
EndProject
Global
	GlobalSection(SolutionConfigurationPlatforms) = preSolution
		Debug|Any CPU = Debug|Any CPU
		Release|Any CPU = Release|Any CPU
	EndGlobalSection
	GlobalSection(ProjectConfigurationPlatforms) = postSolution
		{1FDB3DE2-D0F4-467A-9880-CDE74306D693}.Debug|Any CPU.ActiveCfg = Debug|Any CPU
		{1FDB3DE2-D0F4-467A-9880-CDE74306D693}.Debug|Any CPU.Build.0 = Debug|Any CPU
		{1FDB3DE2-D0F4-467A-9880-CDE74306D693}.Release|Any CPU.ActiveCfg = Release|Any CPU
		{1FDB3DE2-D0F4-467A-9880-CDE74306D693}.Release|Any CPU.Build.0 = Release|Any CPU
	EndGlobalSection
	GlobalSection(SolutionProperties) = preSolution
		HideSolutionNode = FALSE
	EndGlobalSection
	GlobalSection(ExtensibilityGlobals) = postSolution
		SolutionGuid = {C6DAE4F1-E202-44C3-A9E2-5BD661E7A225}
	EndGlobalSection
EndGlobal
